// !$*UTF8*$!
{
	archiveVersion = 1;
	classes = {
	};
	objectVersion = 50;
	objects = {

/* Begin PBXBuildFile section */
		6CABCD03224265F300AF59A1 /* AppDelegate.swift in Sources */ = {isa = PBXBuildFile; fileRef = 6CABCD02224265F300AF59A1 /* AppDelegate.swift */; };
		6CABCD05224265F300AF59A1 /* ViewController.swift in Sources */ = {isa = PBXBuildFile; fileRef = 6CABCD04224265F300AF59A1 /* ViewController.swift */; };
		6CABCD08224265F300AF59A1 /* Main.storyboard in Resources */ = {isa = PBXBuildFile; fileRef = 6CABCD06224265F300AF59A1 /* Main.storyboard */; };
		6CABCD0A224265F400AF59A1 /* Assets.xcassets in Resources */ = {isa = PBXBuildFile; fileRef = 6CABCD09224265F400AF59A1 /* Assets.xcassets */; };
		6CABCD0D224265F400AF59A1 /* LaunchScreen.storyboard in Resources */ = {isa = PBXBuildFile; fileRef = 6CABCD0B224265F400AF59A1 /* LaunchScreen.storyboard */; };
		6CBD3DB3224BAB1D000EA220 /* YDNamespace.swift in Sources */ = {isa = PBXBuildFile; fileRef = 6CBD3DB2224BAB1D000EA220 /* YDNamespace.swift */; };
/* End PBXBuildFile section */

/* Begin PBXFileReference section */
		6CABCCFF224265F300AF59A1 /* GenricExample.app */ = {isa = PBXFileReference; explicitFileType = wrapper.application; includeInIndex = 0; path = GenricExample.app; sourceTree = BUILT_PRODUCTS_DIR; };
		6CABCD02224265F300AF59A1 /* AppDelegate.swift */ = {isa = PBXFileReference; lastKnownFileType = sourcecode.swift; path = AppDelegate.swift; sourceTree = "<group>"; };
		6CABCD04224265F300AF59A1 /* ViewController.swift */ = {isa = PBXFileReference; lastKnownFileType = sourcecode.swift; path = ViewController.swift; sourceTree = "<group>"; };
		6CABCD07224265F300AF59A1 /* Base */ = {isa = PBXFileReference; lastKnownFileType = file.storyboard; name = Base; path = Base.lproj/Main.storyboard; sourceTree = "<group>"; };
		6CABCD09224265F400AF59A1 /* Assets.xcassets */ = {isa = PBXFileReference; lastKnownFileType = folder.assetcatalog; path = Assets.xcassets; sourceTree = "<group>"; };
		6CABCD0C224265F400AF59A1 /* Base */ = {isa = PBXFileReference; lastKnownFileType = file.storyboard; name = Base; path = Base.lproj/LaunchScreen.storyboard; sourceTree = "<group>"; };
		6CABCD0E224265F400AF59A1 /* Info.plist */ = {isa = PBXFileReference; lastKnownFileType = text.plist.xml; path = Info.plist; sourceTree = "<group>"; };
		6CBD3DB2224BAB1D000EA220 /* YDNamespace.swift */ = {isa = PBXFileReference; fileEncoding = 4; lastKnownFileType = sourcecode.swift; path = YDNamespace.swift; sourceTree = "<group>"; };
/* End PBXFileReference section */

/* Begin PBXFrameworksBuildPhase section */
		6CABCCFC224265F300AF59A1 /* Frameworks */ = {
			isa = PBXFrameworksBuildPhase;
			buildActionMask = 2147483647;
			files = (
			);
			runOnlyForDeploymentPostprocessing = 0;
		};
/* End PBXFrameworksBuildPhase section */

/* Begin PBXGroup section */
		6CABCCF6224265F300AF59A1 = {
			isa = PBXGroup;
			children = (
				6CABCD01224265F300AF59A1 /* GenricExample */,
				6CABCD00224265F300AF59A1 /* Products */,
			);
			sourceTree = "<group>";
		};
		6CABCD00224265F300AF59A1 /* Products */ = {
			isa = PBXGroup;
			children = (
				6CABCCFF224265F300AF59A1 /* GenricExample.app */,
			);
			name = Products;
			sourceTree = "<group>";
		};
		6CABCD01224265F300AF59A1 /* GenricExample */ = {
			isa = PBXGroup;
			children = (
				6CBD3DB2224BAB1D000EA220 /* YDNamespace.swift */,
				6CABCD02224265F300AF59A1 /* AppDelegate.swift */,
				6CABCD04224265F300AF59A1 /* ViewController.swift */,
				6CABCD06224265F300AF59A1 /* Main.storyboard */,
				6CABCD09224265F400AF59A1 /* Assets.xcassets */,
				6CABCD0B224265F400AF59A1 /* LaunchScreen.storyboard */,
				6CABCD0E224265F400AF59A1 /* Info.plist */,
			);
			path = GenricExample;
			sourceTree = "<group>";
		};
/* End PBXGroup section */

/* Begin PBXNativeTarget section */
		6CABCCFE224265F300AF59A1 /* GenricExample */ = {
			isa = PBXNativeTarget;
			buildConfigurationList = 6CABCD11224265F400AF59A1 /* Build configuration list for PBXNativeTarget "GenricExample" */;
			buildPhases = (
				6CABCCFB224265F300AF59A1 /* Sources */,
				6CABCCFC224265F300AF59A1 /* Frameworks */,
				6CABCCFD224265F300AF59A1 /* Resources */,
			);
			buildRules = (
			);
			dependencies = (
			);
			name = GenricExample;
			productName = GenricExample;
			productReference = 6CABCCFF224265F300AF59A1 /* GenricExample.app */;
			productType = "com.apple.product-type.application";
		};
/* End PBXNativeTarget section */

/* Begin PBXProject section */
		6CABCCF7224265F300AF59A1 /* Project object */ = {
			isa = PBXProject;
			attributes = {
				LastSwiftUpdateCheck = 1010;
				LastUpgradeCheck = 1010;
				ORGANIZATIONNAME = "吴锡苗";
				TargetAttributes = {
					6CABCCFE224265F300AF59A1 = {
						CreatedOnToolsVersion = 10.1;
					};
				};
			};
			buildConfigurationList = 6CABCCFA224265F300AF59A1 /* Build configuration list for PBXProject "GenricExample" */;
			compatibilityVersion = "Xcode 9.3";
			developmentRegion = en;
			hasScannedForEncodings = 0;
			knownRegions = (
				en,
				Base,
			);
			mainGroup = 6CABCCF6224265F300AF59A1;
			productRefGroup = 6CABCD00224265F300AF59A1 /* Products */;
			projectDirPath = "";
			projectRoot = "";
			targets = (
				6CABCCFE224265F300AF59A1 /* GenricExample */,
			);
		};
/* End PBXProject section */

/* Begin PBXResourcesBuildPhase section */
		6CABCCFD224265F300AF59A1 /* Resources */ = {
			isa = PBXResourcesBuildPhase;
			buildActionMask = 2147483647;
			files = (
				6CABCD0D224265F400AF59A1 /* LaunchScreen.storyboard in Resources */,
				6CABCD0A224265F400AF59A1 /* Assets.xcassets in Resources */,
				6CABCD08224265F300AF59A1 /* Main.storyboard in Resources */,
			);
			runOnlyForDeploymentPostprocessing = 0;
		};
/* End PBXResourcesBuildPhase section */

/* Begin PBXSourcesBuildPhase section */
		6CABCCFB224265F300AF59A1 /* Sources */ = {
			isa = PBXSourcesBuildPhase;
			buildActionMask = 2147483647;
			files = (
				6CBD3DB3224BAB1D000EA220 /* YDNamespace.swift in Sources */,
				6CABCD05224265F300AF59A1 /* ViewController.swift in Sources */,
				6CABCD03224265F300AF59A1 /* AppDelegate.swift in Sources */,
			);
			runOnlyForDeploymentPostprocessing = 0;
		};
/* End PBXSourcesBuildPhase section */

/* Begin PBXVariantGroup section */
		6CABCD06224265F300AF59A1 /* Main.storyboard */ = {
			isa = PBXVariantGroup;
			children = (
				6CABCD07224265F300AF59A1 /* Base */,
			);
			name = Main.storyboard;
			sourceTree = "<group>";
		};
		6CABCD0B224265F400AF59A1 /* LaunchScreen.storyboard */ = {
			isa = PBXVariantGroup;
			children = (
				6CABCD0C224265F400AF59A1 /* Base */,
			);
			name = LaunchScreen.storyboard;
			sourceTree = "<group>";
		};
/* End PBXVariantGroup section */

/* Begin XCBuildConfiguration section */
		6CABCD0F224265F400AF59A1 /* Debug */ = {
			isa = XCBuildConfiguration;
			buildSettings = {
				ALWAYS_SEARCH_USER_PATHS = NO;
				CLANG_ANALYZER_NONNULL = YES;
				CLANG_ANALYZER_NUMBER_OBJECT_CONVERSION = YES_AGGRESSIVE;
				CLANG_CXX_LANGUAGE_STANDARD = "gnu++14";
				CLANG_CXX_LIBRARY = "libc++";
				CLANG_ENABLE_MODULES = YES;
				CLANG_ENABLE_OBJC_ARC = YES;
				CLANG_ENABLE_OBJC_WEAK = YES;
				CLANG_WARN_BLOCK_CAPTURE_AUTORELEASING = YES;
				CLANG_WARN_BOOL_CONVERSION = YES;
				CLANG_WARN_COMMA = YES;
				CLANG_WARN_CONSTANT_CONVERSION = YES;
				CLANG_WARN_DEPRECATED_OBJC_IMPLEMENTATIONS = YES;
				CLANG_WARN_DIRECT_OBJC_ISA_USAGE = YES_ERROR;
				CLANG_WARN_DOCUMENTATION_COMMENTS = YES;
				CLANG_WARN_EMPTY_BODY = YES;
				CLANG_WARN_ENUM_CONVERSION = YES;
				CLANG_WARN_INFINITE_RECURSION = YES;
				CLANG_WARN_INT_CONVERSION = YES;
				CLANG_WARN_NON_LITERAL_NULL_CONVERSION = YES;
				CLANG_WARN_OBJC_IMPLICIT_RETAIN_SELF = YES;
				CLANG_WARN_OBJC_LITERAL_CONVERSION = YES;
				CLANG_WARN_OBJC_ROOT_CLASS = YES_ERROR;
				CLANG_WARN_RANGE_LOOP_ANALYSIS = YES;
				CLANG_WARN_STRICT_PROTOTYPES = YES;
				CLANG_WARN_SUSPICIOUS_MOVE = YES;
				CLANG_WARN_UNGUARDED_AVAILABILITY = YES_AGGRESSIVE;
				CLANG_WARN_UNREACHABLE_CODE = YES;
				CLANG_WARN__DUPLICATE_METHOD_MATCH = YES;
				CODE_SIGN_IDENTITY = "iPhone Developer";
				COPY_PHASE_STRIP = NO;
				DEBUG_INFORMATION_FORMAT = dwarf;
				ENABLE_STRICT_OBJC_MSGSEND = YES;
				ENABLE_TESTABILITY = YES;
				GCC_C_LANGUAGE_STANDARD = gnu11;
				GCC_DYNAMIC_NO_PIC = NO;
				GCC_NO_COMMON_BLOCKS = YES;
				GCC_OPTIMIZATION_LEVEL = 0;
				GCC_PREPROCESSOR_DEFINITIONS = (
					"DEBUG=1",
					"$(inherited)",
				);
				GCC_WARN_64_TO_32_BIT_CONVERSION = YES;
				GCC_WARN_ABOUT_RETURN_TYPE = YES_ERROR;
				GCC_WARN_UNDECLARED_SELECTOR = YES;
				GCC_WARN_UNINITIALIZED_AUTOS = YES_AGGRESSIVE;
				GCC_WARN_UNUSED_FUNCTION = YES;
				GCC_WARN_UNUSED_VARIABLE = YES;
				IPHONEOS_DEPLOYMENT_TARGET = 12.1;
				MTL_ENABLE_DEBUG_INFO = INCLUDE_SOURCE;
				MTL_FAST_MATH = YES;
				ONLY_ACTIVE_ARCH = YES;
				SDKROOT = iphoneos;
				SWIFT_ACTIVE_COMPILATION_CONDITIONS = DEBUG;
				SWIFT_OPTIMIZATION_LEVEL = "-Onone";
			};
			name = Debug;
		};
		6CABCD10224265F400AF59A1 /* Release */ = {
			isa = XCBuildConfiguration;
			buildSettings = {
				ALWAYS_SEARCH_USER_PATHS = NO;
				CLANG_ANALYZER_NONNULL = YES;
				CLANG_ANALYZER_NUMBER_OBJECT_CONVERSION = YES_AGGRESSIVE;
				CLANG_CXX_LANGUAGE_STANDARD = "gnu++14";
				CLANG_CXX_LIBRARY = "libc++";
				CLANG_ENABLE_MODULES = YES;
				CLANG_ENABLE_OBJC_ARC = YES;
				CLANG_ENABLE_OBJC_WEAK = YES;
				CLANG_WARN_BLOCK_CAPTURE_AUTORELEASING = YES;
				CLANG_WARN_BOOL_CONVERSION = YES;
				CLANG_WARN_COMMA = YES;
				CLANG_WARN_CONSTANT_CONVERSION = YES;
				CLANG_WARN_DEPRECATED_OBJC_IMPLEMENTATIONS = YES;
				CLANG_WARN_DIRECT_OBJC_ISA_USAGE = YES_ERROR;
				CLANG_WARN_DOCUMENTATION_COMMENTS = YES;
				CLANG_WARN_EMPTY_BODY = YES;
				CLANG_WARN_ENUM_CONVERSION = YES;
				CLANG_WARN_INFINITE_RECURSION = YES;
				CLANG_WARN_INT_CONVERSION = YES;
				CLANG_WARN_NON_LITERAL_NULL_CONVERSION = YES;
				CLANG_WARN_OBJC_IMPLICIT_RETAIN_SELF = YES;
				CLANG_WARN_OBJC_LITERAL_CONVERSION = YES;
				CLANG_WARN_OBJC_ROOT_CLASS = YES_ERROR;
				CLANG_WARN_RANGE_LOOP_ANALYSIS = YES;
				CLANG_WARN_STRICT_PROTOTYPES = YES;
				CLANG_WARN_SUSPICIOUS_MOVE = YES;
				CLANG_WARN_UNGUARDED_AVAILABILITY = YES_AGGRESSIVE;
				CLANG_WARN_UNREACHABLE_CODE = YES;
				CLANG_WARN__DUPLICATE_METHOD_MATCH = YES;
				CODE_SIGN_IDENTITY = "iPhone Developer";
				COPY_PHASE_STRIP = NO;
				DEBUG_INFORMATION_FORMAT = "dwarf-with-dsym";
				ENABLE_NS_ASSERTIONS = NO;
				ENABLE_STRICT_OBJC_MSGSEND = YES;
				GCC_C_LANGUAGE_STANDARD = gnu11;
				GCC_NO_COMMON_BLOCKS = YES;
				GCC_WARN_64_TO_32_BIT_CONVERSION = YES;
				GCC_WARN_ABOUT_RETURN_TYPE = YES_ERROR;
				GCC_WARN_UNDECLARED_SELECTOR = YES;
				GCC_WARN_UNINITIALIZED_AUTOS = YES_AGGRESSIVE;
				GCC_WARN_UNUSED_FUNCTION = YES;
				GCC_WARN_UNUSED_VARIABLE = YES;
				IPHONEOS_DEPLOYMENT_TARGET = 12.1;
				MTL_ENABLE_DEBUG_INFO = NO;
				MTL_FAST_MATH = YES;
				SDKROOT = iphoneos;
				SWIFT_COMPILATION_MODE = wholemodule;
				SWIFT_OPTIMIZATION_LEVEL = "-O";
				VALIDATE_PRODUCT = YES;
			};
			name = Release;
		};
		6CABCD12224265F400AF59A1 /* Debug */ = {
			isa = XCBuildConfiguration;
			buildSettings = {
				ASSETCATALOG_COMPILER_APPICON_NAME = AppIcon;
				CODE_SIGN_STYLE = Automatic;
				DEVELOPMENT_TEAM = 2U74Q6JYRQ;
				INFOPLIST_FILE = GenricExample/Info.plist;
				LD_RUNPATH_SEARCH_PATHS = (
					"$(inherited)",
					"@executable_path/Frameworks",
				);
				PRODUCT_BUNDLE_IDENTIFIER = com.moemiku.GenricExample;
				PRODUCT_NAME = "$(TARGET_NAME)";
				SWIFT_VERSION = 4.2;
				TARGETED_DEVICE_FAMILY = "1,2";
			};
			name = Debug;
		};
		6CABCD13224265F400AF59A1 /* Release */ = {
			isa = XCBuildConfiguration;
			buildSettings = {
				ASSETCATALOG_COMPILER_APPICON_NAME = AppIcon;
				CODE_SIGN_STYLE = Automatic;
				DEVELOPMENT_TEAM = 2U74Q6JYRQ;
				INFOPLIST_FILE = GenricExample/Info.plist;
				LD_RUNPATH_SEARCH_PATHS = (
					"$(inherited)",
					"@executable_path/Frameworks",
				);
				PRODUCT_BUNDLE_IDENTIFIER = com.moemiku.GenricExample;
				PRODUCT_NAME = "$(TARGET_NAME)";
				SWIFT_VERSION = 4.2;
				TARGETED_DEVICE_FAMILY = "1,2";
			};
			name = Release;
		};
/* End XCBuildConfiguration section */

/* Begin XCConfigurationList section */
		6CABCCFA224265F300AF59A1 /* Build configuration list for PBXProject "GenricExample" */ = {
			isa = XCConfigurationList;
			buildConfigurations = (
				6CABCD0F224265F400AF59A1 /* Debug */,
				6CABCD10224265F400AF59A1 /* Release */,
			);
			defaultConfigurationIsVisible = 0;
			defaultConfigurationName = Release;
		};
		6CABCD11224265F400AF59A1 /* Build configuration list for PBXNativeTarget "GenricExample" */ = {
			isa = XCConfigurationList;
			buildConfigurations = (
				6CABCD12224265F400AF59A1 /* Debug */,
				6CABCD13224265F400AF59A1 /* Release */,
			);
			defaultConfigurationIsVisible = 0;
			defaultConfigurationName = Release;
		};
/* End XCConfigurationList section */
	};
	rootObject = 6CABCCF7224265F300AF59A1 /* Project object */;
}
